
Microsoft Visual Studio Solution File, Format Version 12.00
# Visual Studio Version 17
VisualStudioVersion = 17.9.34723.18
MinimumVisualStudioVersion = 10.0.40219.1
Project("{FAE04EC0-301F-11D3-BF4B-00C04F79EFBC}") = "Perpustakaan", "Perpustakaan\Perpustakaan.csproj", "{55DE92CE-757B-47B2-AB61-A382ED932933}"
EndProject
Global
	GlobalSection(SolutionConfigurationPlatforms) = preSolution
		Debug|Any CPU = Debug|Any CPU
		Release|Any CPU = Release|Any CPU
	EndGlobalSection
	GlobalSection(ProjectConfigurationPlatforms) = postSolution
		{55DE92CE-757B-47B2-AB61-A382ED932933}.Debug|Any CPU.ActiveCfg = Debug|Any CPU
		{55DE92CE-757B-47B2-AB61-A382ED932933}.Debug|Any CPU.Build.0 = Debug|Any CPU
		{55DE92CE-757B-47B2-AB61-A382ED932933}.Release|Any CPU.ActiveCfg = Release|Any CPU
		{55DE92CE-757B-47B2-AB61-A382ED932933}.Release|Any CPU.Build.0 = Release|Any CPU
	EndGlobalSection
	GlobalSection(SolutionProperties) = preSolution
		HideSolutionNode = FALSE
	EndGlobalSection
	GlobalSection(ExtensibilityGlobals) = postSolution
		SolutionGuid = {39AB5F3F-DAF4-4065-943C-DE92CAE9C1D1}
	EndGlobalSection
EndGlobal
